
Microsoft Visual Studio Solution File, Format Version 12.00
# Visual Studio 15
VisualStudioVersion = 15.0.28307.852
MinimumVisualStudioVersion = 10.0.40219.1
Project("{FAE04EC0-301F-11D3-BF4B-00C04F79EFBC}") = "GITApp", "GITApp\GITApp.csproj", "{3495F9CF-1BE4-465C-BF3E-E9CF029D1681}"
EndProject
Global
	GlobalSection(SolutionConfigurationPlatforms) = preSolution
		Debug|Any CPU = Debug|Any CPU
		Release|Any CPU = Release|Any CPU
	EndGlobalSection
	GlobalSection(ProjectConfigurationPlatforms) = postSolution
		{3495F9CF-1BE4-465C-BF3E-E9CF029D1681}.Debug|Any CPU.ActiveCfg = Debug|Any CPU
		{3495F9CF-1BE4-465C-BF3E-E9CF029D1681}.Debug|Any CPU.Build.0 = Debug|Any CPU
		{3495F9CF-1BE4-465C-BF3E-E9CF029D1681}.Release|Any CPU.ActiveCfg = Release|Any CPU
		{3495F9CF-1BE4-465C-BF3E-E9CF029D1681}.Release|Any CPU.Build.0 = Release|Any CPU
	EndGlobalSection
	GlobalSection(SolutionProperties) = preSolution
		HideSolutionNode = FALSE
	EndGlobalSection
	GlobalSection(ExtensibilityGlobals) = postSolution
		SolutionGuid = {3A60D35C-A30D-489C-8D9C-8927FB959F1E}
	EndGlobalSection
EndGlobal
